
Microsoft Visual Studio Solution File, Format Version 12.00
# Visual Studio Version 17
VisualStudioVersion = 17.8.34511.84
MinimumVisualStudioVersion = 10.0.40219.1
Project("{FAE04EC0-301F-11D3-BF4B-00C04F79EFBC}") = "LondonStockAPI", "LondonStockAPI\LondonStockAPI.csproj", "{777D6EBC-3152-46BF-8C6E-58582AB54517}"
EndProject
Project("{FAE04EC0-301F-11D3-BF4B-00C04F79EFBC}") = "LondonStockAPI.Tests", "LondonStockAPI.Tests\LondonStockAPI.Tests.csproj", "{9F485D94-2F3C-41B9-841F-C30C4247EDC5}"
EndProject
Global
	GlobalSection(SolutionConfigurationPlatforms) = preSolution
		Debug|Any CPU = Debug|Any CPU
		Release|Any CPU = Release|Any CPU
	EndGlobalSection
	GlobalSection(ProjectConfigurationPlatforms) = postSolution
		{777D6EBC-3152-46BF-8C6E-58582AB54517}.Debug|Any CPU.ActiveCfg = Debug|Any CPU
		{777D6EBC-3152-46BF-8C6E-58582AB54517}.Debug|Any CPU.Build.0 = Debug|Any CPU
		{777D6EBC-3152-46BF-8C6E-58582AB54517}.Release|Any CPU.ActiveCfg = Release|Any CPU
		{777D6EBC-3152-46BF-8C6E-58582AB54517}.Release|Any CPU.Build.0 = Release|Any CPU
		{9F485D94-2F3C-41B9-841F-C30C4247EDC5}.Debug|Any CPU.ActiveCfg = Debug|Any CPU
		{9F485D94-2F3C-41B9-841F-C30C4247EDC5}.Debug|Any CPU.Build.0 = Debug|Any CPU
		{9F485D94-2F3C-41B9-841F-C30C4247EDC5}.Release|Any CPU.ActiveCfg = Release|Any CPU
		{9F485D94-2F3C-41B9-841F-C30C4247EDC5}.Release|Any CPU.Build.0 = Release|Any CPU
	EndGlobalSection
	GlobalSection(SolutionProperties) = preSolution
		HideSolutionNode = FALSE
	EndGlobalSection
	GlobalSection(ExtensibilityGlobals) = postSolution
		SolutionGuid = {DE9C4CB8-CBC1-4CFF-859E-3DE18DE5250E}
	EndGlobalSection
EndGlobal
